
Microsoft Visual Studio Solution File, Format Version 12.00
# Visual Studio Version 17
VisualStudioVersion = 17.3.32825.248
MinimumVisualStudioVersion = 10.0.40219.1
Project("{FAE04EC0-301F-11D3-BF4B-00C04F79EFBC}") = "HEURISTIC_QKP", "HEURISTIC_QKP\HEURISTIC_QKP.csproj", "{B33C8807-8CC1-4B84-8455-8CDF1E303128}"
EndProject
Global
	GlobalSection(SolutionConfigurationPlatforms) = preSolution
		Debug|Any CPU = Debug|Any CPU
		Release|Any CPU = Release|Any CPU
	EndGlobalSection
	GlobalSection(ProjectConfigurationPlatforms) = postSolution
		{B33C8807-8CC1-4B84-8455-8CDF1E303128}.Debug|Any CPU.ActiveCfg = Debug|Any CPU
		{B33C8807-8CC1-4B84-8455-8CDF1E303128}.Debug|Any CPU.Build.0 = Debug|Any CPU
		{B33C8807-8CC1-4B84-8455-8CDF1E303128}.Release|Any CPU.ActiveCfg = Release|Any CPU
		{B33C8807-8CC1-4B84-8455-8CDF1E303128}.Release|Any CPU.Build.0 = Release|Any CPU
	EndGlobalSection
	GlobalSection(SolutionProperties) = preSolution
		HideSolutionNode = FALSE
	EndGlobalSection
	GlobalSection(ExtensibilityGlobals) = postSolution
		SolutionGuid = {2FEA6290-36BB-4A83-A5C2-9E7717F79B04}
	EndGlobalSection
EndGlobal
